
Microsoft Visual Studio Solution File, Format Version 12.00
# Visual Studio Version 16
VisualStudioVersion = 16.0.29806.167
MinimumVisualStudioVersion = 10.0.40219.1
Project("{9A19103F-16F7-4668-BE54-9A1E7A4F7556}") = "LudoGame", "LudoGame\LudoGame.csproj", "{C43D1D03-707B-47A3-AEA5-67FD20EB60E3}"
EndProject
Project("{9A19103F-16F7-4668-BE54-9A1E7A4F7556}") = "LudoGameEngine", "GameEngine\LudoGameEngine.csproj", "{E69676B7-F477-4640-A472-A0005F917116}"
EndProject
Project("{9A19103F-16F7-4668-BE54-9A1E7A4F7556}") = "LudoGame.Tests", "LudoGame.Tests\LudoGame.Tests.csproj", "{28CF37C5-B836-4DC6-AE65-799915FADA51}"
EndProject
Global
	GlobalSection(SolutionConfigurationPlatforms) = preSolution
		Debug|Any CPU = Debug|Any CPU
		Release|Any CPU = Release|Any CPU
	EndGlobalSection
	GlobalSection(ProjectConfigurationPlatforms) = postSolution
		{C43D1D03-707B-47A3-AEA5-67FD20EB60E3}.Debug|Any CPU.ActiveCfg = Debug|Any CPU
		{C43D1D03-707B-47A3-AEA5-67FD20EB60E3}.Debug|Any CPU.Build.0 = Debug|Any CPU
		{C43D1D03-707B-47A3-AEA5-67FD20EB60E3}.Release|Any CPU.ActiveCfg = Release|Any CPU
		{C43D1D03-707B-47A3-AEA5-67FD20EB60E3}.Release|Any CPU.Build.0 = Release|Any CPU
		{E69676B7-F477-4640-A472-A0005F917116}.Debug|Any CPU.ActiveCfg = Debug|Any CPU
		{E69676B7-F477-4640-A472-A0005F917116}.Debug|Any CPU.Build.0 = Debug|Any CPU
		{E69676B7-F477-4640-A472-A0005F917116}.Release|Any CPU.ActiveCfg = Release|Any CPU
		{E69676B7-F477-4640-A472-A0005F917116}.Release|Any CPU.Build.0 = Release|Any CPU
		{28CF37C5-B836-4DC6-AE65-799915FADA51}.Debug|Any CPU.ActiveCfg = Debug|Any CPU
		{28CF37C5-B836-4DC6-AE65-799915FADA51}.Debug|Any CPU.Build.0 = Debug|Any CPU
		{28CF37C5-B836-4DC6-AE65-799915FADA51}.Release|Any CPU.ActiveCfg = Release|Any CPU
		{28CF37C5-B836-4DC6-AE65-799915FADA51}.Release|Any CPU.Build.0 = Release|Any CPU
	EndGlobalSection
	GlobalSection(SolutionProperties) = preSolution
		HideSolutionNode = FALSE
	EndGlobalSection
	GlobalSection(ExtensibilityGlobals) = postSolution
		SolutionGuid = {795378BC-AEDA-4B38-B52C-F7EE2E5A3704}
	EndGlobalSection
EndGlobal
